
Microsoft Visual Studio Solution File, Format Version 12.00
# Visual Studio Version 17
VisualStudioVersion = 17.1.32228.430
MinimumVisualStudioVersion = 10.0.40219.1
Project("{9A19103F-16F7-4668-BE54-9A1E7A4F7556}") = "FS22 Mod Manager", "FS22 Mod Manager.csproj", "{5534D0BC-B70A-4AD3-906E-036B48082532}"
EndProject
Project("{54435603-DBB4-11D2-8724-00A0C9A8B90C}") = "Setup", "..\Setup\Setup.vdproj", "{E1BDBCA4-467A-4D42-9E1A-7574326FDFD6}"
EndProject
Global
	GlobalSection(SolutionConfigurationPlatforms) = preSolution
		Debug|Any CPU = Debug|Any CPU
		Release|Any CPU = Release|Any CPU
	EndGlobalSection
	GlobalSection(ProjectConfigurationPlatforms) = postSolution
		{5534D0BC-B70A-4AD3-906E-036B48082532}.Debug|Any CPU.ActiveCfg = Debug|Any CPU
		{5534D0BC-B70A-4AD3-906E-036B48082532}.Debug|Any CPU.Build.0 = Debug|Any CPU
		{5534D0BC-B70A-4AD3-906E-036B48082532}.Release|Any CPU.ActiveCfg = Release|Any CPU
		{5534D0BC-B70A-4AD3-906E-036B48082532}.Release|Any CPU.Build.0 = Release|Any CPU
		{E1BDBCA4-467A-4D42-9E1A-7574326FDFD6}.Debug|Any CPU.ActiveCfg = Debug
		{E1BDBCA4-467A-4D42-9E1A-7574326FDFD6}.Release|Any CPU.ActiveCfg = Release
	EndGlobalSection
	GlobalSection(SolutionProperties) = preSolution
		HideSolutionNode = FALSE
	EndGlobalSection
	GlobalSection(ExtensibilityGlobals) = postSolution
		SolutionGuid = {D2737189-2D4A-491B-92AF-1232CBF34BB5}
	EndGlobalSection
EndGlobal
